{
  "name": "bank",
  "version": "0.0.1",
  "lockfileVersion": 3,
  "requires": true,
  "packages": {
    "": {
      "name": "bank",
      "version": "0.0.1",
      "license": "UNLICENSED",
      "workspaces": [
        "apps/*",
        "packages/*"
      ],
      "engines": {
        "node": ">=20"
      }
    },
    "apps/dashboard": {
      "name": "@bank/dashboard",
      "version": "0.0.1"
    },
    "apps/landing": {
      "name": "@bank/landing",
      "version": "0.0.1"
    },
    "apps/mcp-server": {
      "name": "@bank/mcp-server",
      "version": "0.0.1"
    },
    "node_modules/@bank/dashboard": {
      "resolved": "apps/dashboard",
      "link": true
    },
    "node_modules/@bank/funding-rules": {
      "resolved": "packages/funding-rules",
      "link": true
    },
    "node_modules/@bank/landing": {
      "resolved": "apps/landing",
      "link": true
    },
    "node_modules/@bank/mcp-server": {
      "resolved": "apps/mcp-server",
      "link": true
    },
    "node_modules/@bank/parsers": {
      "resolved": "packages/parsers",
      "link": true
    },
    "node_modules/@bank/pdf-renderer": {
      "resolved": "packages/pdf-renderer",
      "link": true
    },
    "node_modules/@bank/playwright-flows": {
      "resolved": "packages/playwright-flows",
      "link": true
    },
    "packages/funding-rules": {
      "name": "@bank/funding-rules",
      "version": "0.0.1"
    },
    "packages/parsers": {
      "name": "@bank/parsers",
      "version": "0.0.1"
    },
    "packages/pdf-renderer": {
      "name": "@bank/pdf-renderer",
      "version": "0.0.1"
    },
    "packages/playwright-flows": {
      "name": "@bank/playwright-flows",
      "version": "0.0.1"
    }
  }
}
